
Microsoft Visual Studio Solution File, Format Version 12.00
# Visual Studio Version 16
VisualStudioVersion = 16.0.36631.11
MinimumVisualStudioVersion = 10.0.40219.1
Project("{8BC9CEB8-8B4A-11D0-8D11-00A0C91BC942}") = "7.5 Pointer and const", "7.5 Pointer and const\7.5 Pointer and const.vcxproj", "{12F9BDED-E566-4ED0-B815-4888AA309488}"
EndProject
Project("{8BC9CEB8-8B4A-11D0-8D11-00A0C91BC942}") = "2025 Level 4 Custom Civil Servant", "2025 Level 4 Custom Civil Servant\2025 Level 4 Custom Civil Servant.vcxproj", "{DB8C804B-86CC-446F-A1DC-0CFB07C9503D}"
EndProject
Project("{8BC9CEB8-8B4A-11D0-8D11-00A0C91BC942}") = "2025 Level 4 Custom Civil Servant 2", "2025 Level 4 Custom Civil Servant 2\2025 Level 4 Custom Civil Servant 2.vcxproj", "{BC45D917-1320-4FD3-A962-AA88C5061146}"
EndProject
Project("{8BC9CEB8-8B4A-11D0-8D11-00A0C91BC942}") = "7.5 const", "7.5 const\7.5 const.vcxproj", "{706FF244-1EEF-42FF-A55B-6A248B34C272}"
EndProject
Project("{8BC9CEB8-8B4A-11D0-8D11-00A0C91BC942}") = "7.5 const 2", "7.5 const 2\7.5 const 2.vcxproj", "{6B4F525D-5075-4909-B1A7-702B2D606F39}"
EndProject
Project("{8BC9CEB8-8B4A-11D0-8D11-00A0C91BC942}") = "7.5 Pointer and const 2", "7.5 Pointer and const 2\7.5 Pointer and const 2.vcxproj", "{420DB5E5-874D-4424-BD49-673E2A4EF888}"
EndProject
Project("{8BC9CEB8-8B4A-11D0-8D11-00A0C91BC942}") = "7.5 Pointer and const 3", "7.5 Pointer and const 3\7.5 Pointer and const 3.vcxproj", "{AD3453BC-5091-42CB-A506-60213585A82F}"
EndProject
Project("{8BC9CEB8-8B4A-11D0-8D11-00A0C91BC942}") = "7.5 const 3", "7.5 const 3\7.5 const 3.vcxproj", "{E15DF2EA-2A5A-4338-8E7E-B5638E68C61A}"
EndProject
Project("{8BC9CEB8-8B4A-11D0-8D11-00A0C91BC942}") = "7.5 const 4", "7.5 const 4\7.5 const 4.vcxproj", "{727272FA-9148-4C47-B941-1A3A9FC637B7}"
EndProject
Project("{8BC9CEB8-8B4A-11D0-8D11-00A0C91BC942}") = "7.5 const 5", "7.5 const 5\7.5 const 5.vcxproj", "{227ABCB7-DBAF-446A-BEA2-4859F96BA4FB}"
EndProject
Project("{8BC9CEB8-8B4A-11D0-8D11-00A0C91BC942}") = "7.5 const 6", "7.5 const 6\7.5 const 6.vcxproj", "{EA03BEAA-69B3-4BB9-A825-1ABADE992A6C}"
EndProject
Project("{8BC9CEB8-8B4A-11D0-8D11-00A0C91BC942}") = "7.5 const 7", "7.5 const 7\7.5 const 7.vcxproj", "{461CEA23-9FB1-45D2-8045-7ADA6359B1B0}"
EndProject
Project("{8BC9CEB8-8B4A-11D0-8D11-00A0C91BC942}") = "7.5 const 8", "7.5 const 8\7.5 const 8.vcxproj", "{BAFF39CC-54F7-4D4F-A2DD-59CFFA7981E4}"
EndProject
Project("{8BC9CEB8-8B4A-11D0-8D11-00A0C91BC942}") = "7.5 const 9", "7.5 const 9\7.5 const 9.vcxproj", "{CA015CAC-0605-4FD5-B974-2181BB324910}"
EndProject
Project("{8BC9CEB8-8B4A-11D0-8D11-00A0C91BC942}") = "7.5 const 7-1", "7.5 const 7-1\7.5 const 7-1.vcxproj", "{C66B2539-2C8E-488C-9A04-BBA682262F2B}"
EndProject
Project("{8BC9CEB8-8B4A-11D0-8D11-00A0C91BC942}") = "7.5 const 7-2", "7.5 const 7-2\7.5 const 7-2.vcxproj", "{9645E391-CB69-479C-90D3-2BF56883F008}"
EndProject
Project("{8BC9CEB8-8B4A-11D0-8D11-00A0C91BC942}") = "7.5 const 7-3", "7.5 const 7-3\7.5 const 7-3.vcxproj", "{59CD79DA-8D10-4247-8394-DF2286782295}"
EndProject
Project("{8BC9CEB8-8B4A-11D0-8D11-00A0C91BC942}") = "7.5 const 6-2", "7.5 const 6-2\7.5 const 6-2.vcxproj", "{498BEB17-6A6A-4922-A503-875D34F08A61}"
EndProject
Project("{8BC9CEB8-8B4A-11D0-8D11-00A0C91BC942}") = "7.5 const 2-2", "7.5 const 2-2\7.5 const 2-2.vcxproj", "{6CBEF9D1-8C16-484B-9AEC-3C641DBB462C}"
EndProject
Project("{8BC9CEB8-8B4A-11D0-8D11-00A0C91BC942}") = "7.5 Pointer and const 4", "7.5 Pointer and const 4\7.5 Pointer and const 4.vcxproj", "{9C6A4CCB-FF67-45A5-A91A-DEADC4B1F938}"
EndProject
Project("{8BC9CEB8-8B4A-11D0-8D11-00A0C91BC942}") = "7.5 Pointer and const 5", "7.5 Pointer and const 5\7.5 Pointer and const 5.vcxproj", "{9AC550C4-AAA9-4B73-98F4-11A021C6613A}"
EndProject
Project("{8BC9CEB8-8B4A-11D0-8D11-00A0C91BC942}") = "7.5 Pointer and const 6", "7.5 Pointer and const 6\7.5 Pointer and const 6.vcxproj", "{238E67B4-4C1A-4FC1-B795-A7B9ADDF9B7A}"
EndProject
Project("{8BC9CEB8-8B4A-11D0-8D11-00A0C91BC942}") = "7.5 Pointer and const 7", "7.5 Pointer and const 7\7.5 Pointer and const 7.vcxproj", "{915BA667-CDD2-4890-9067-08C9D47193C2}"
EndProject
Project("{8BC9CEB8-8B4A-11D0-8D11-00A0C91BC942}") = "7.5 Pointer and const 8", "7.5 Pointer and const 8\7.5 Pointer and const 8.vcxproj", "{C231B385-D4FD-4195-9AAD-63FC37D8DA85}"
EndProject
Project("{8BC9CEB8-8B4A-11D0-8D11-00A0C91BC942}") = "2.4Declaration - The C Programming Lang", "2.4Declaration - The C Programming Lang\2.4Declaration - The C Programming Lang.vcxproj", "{26FA3F15-1914-408D-8B4A-888ABF7B8F1D}"
EndProject
Project("{8BC9CEB8-8B4A-11D0-8D11-00A0C91BC942}") = "7.5 Pointer and const 9", "7.5 Pointer and const 9\7.5 Pointer and const 9.vcxproj", "{2DE0019C-BCF8-48B0-9E0E-4ED71A28DF3B}"
EndProject
Project("{8BC9CEB8-8B4A-11D0-8D11-00A0C91BC942}") = "7.5 Pointer and const 9-2", "7.5 Pointer and const 9-2\7.5 Pointer and const 9-2.vcxproj", "{E9E69130-1FD2-432C-A03E-6AC422117041}"
EndProject
Project("{8BC9CEB8-8B4A-11D0-8D11-00A0C91BC942}") = "7.5 Pointer and const 9-3", "7.5 Pointer and const 9-3\7.5 Pointer and const 9-3.vcxproj", "{A8C3C4D0-D9A2-4F00-9812-711D7351965A}"
EndProject
Project("{8BC9CEB8-8B4A-11D0-8D11-00A0C91BC942}") = "7.5 Pointer and const 8-2", "7.5 Pointer and const 8-2\7.5 Pointer and const 8-2.vcxproj", "{282F2BDB-A4CF-4E7A-AE46-58F561F7874F}"
EndProject
Global
	GlobalSection(SolutionConfigurationPlatforms) = preSolution
		Debug|x64 = Debug|x64
		Debug|x86 = Debug|x86
		Release|x64 = Release|x64
		Release|x86 = Release|x86
	EndGlobalSection
	GlobalSection(ProjectConfigurationPlatforms) = postSolution
		{12F9BDED-E566-4ED0-B815-4888AA309488}.Debug|x64.ActiveCfg = Debug|x64
		{12F9BDED-E566-4ED0-B815-4888AA309488}.Debug|x64.Build.0 = Debug|x64
		{12F9BDED-E566-4ED0-B815-4888AA309488}.Debug|x86.ActiveCfg = Debug|Win32
		{12F9BDED-E566-4ED0-B815-4888AA309488}.Debug|x86.Build.0 = Debug|Win32
		{12F9BDED-E566-4ED0-B815-4888AA309488}.Release|x64.ActiveCfg = Release|x64
		{12F9BDED-E566-4ED0-B815-4888AA309488}.Release|x64.Build.0 = Release|x64
		{12F9BDED-E566-4ED0-B815-4888AA309488}.Release|x86.ActiveCfg = Release|Win32
		{12F9BDED-E566-4ED0-B815-4888AA309488}.Release|x86.Build.0 = Release|Win32
		{DB8C804B-86CC-446F-A1DC-0CFB07C9503D}.Debug|x64.ActiveCfg = Debug|x64
		{DB8C804B-86CC-446F-A1DC-0CFB07C9503D}.Debug|x64.Build.0 = Debug|x64
		{DB8C804B-86CC-446F-A1DC-0CFB07C9503D}.Debug|x86.ActiveCfg = Debug|Win32
		{DB8C804B-86CC-446F-A1DC-0CFB07C9503D}.Debug|x86.Build.0 = Debug|Win32
		{DB8C804B-86CC-446F-A1DC-0CFB07C9503D}.Release|x64.ActiveCfg = Release|x64
		{DB8C804B-86CC-446F-A1DC-0CFB07C9503D}.Release|x64.Build.0 = Release|x64
		{DB8C804B-86CC-446F-A1DC-0CFB07C9503D}.Release|x86.ActiveCfg = Release|Win32
		{DB8C804B-86CC-446F-A1DC-0CFB07C9503D}.Release|x86.Build.0 = Release|Win32
		{BC45D917-1320-4FD3-A962-AA88C5061146}.Debug|x64.ActiveCfg = Debug|x64
		{BC45D917-1320-4FD3-A962-AA88C5061146}.Debug|x64.Build.0 = Debug|x64
		{BC45D917-1320-4FD3-A962-AA88C5061146}.Debug|x86.ActiveCfg = Debug|Win32
		{BC45D917-1320-4FD3-A962-AA88C5061146}.Debug|x86.Build.0 = Debug|Win32
		{BC45D917-1320-4FD3-A962-AA88C5061146}.Release|x64.ActiveCfg = Release|x64
		{BC45D917-1320-4FD3-A962-AA88C5061146}.Release|x64.Build.0 = Release|x64
		{BC45D917-1320-4FD3-A962-AA88C5061146}.Release|x86.ActiveCfg = Release|Win32
		{BC45D917-1320-4FD3-A962-AA88C5061146}.Release|x86.Build.0 = Release|Win32
		{706FF244-1EEF-42FF-A55B-6A248B34C272}.Debug|x64.ActiveCfg = Debug|x64
		{706FF244-1EEF-42FF-A55B-6A248B34C272}.Debug|x64.Build.0 = Debug|x64
		{706FF244-1EEF-42FF-A55B-6A248B34C272}.Debug|x86.ActiveCfg = Debug|Win32
		{706FF244-1EEF-42FF-A55B-6A248B34C272}.Debug|x86.Build.0 = Debug|Win32
		{706FF244-1EEF-42FF-A55B-6A248B34C272}.Release|x64.ActiveCfg = Release|x64
		{706FF244-1EEF-42FF-A55B-6A248B34C272}.Release|x64.Build.0 = Release|x64
		{706FF244-1EEF-42FF-A55B-6A248B34C272}.Release|x86.ActiveCfg = Release|Win32
		{706FF244-1EEF-42FF-A55B-6A248B34C272}.Release|x86.Build.0 = Release|Win32
		{6B4F525D-5075-4909-B1A7-702B2D606F39}.Debug|x64.ActiveCfg = Debug|x64
		{6B4F525D-5075-4909-B1A7-702B2D606F39}.Debug|x64.Build.0 = Debug|x64
		{6B4F525D-5075-4909-B1A7-702B2D606F39}.Debug|x86.ActiveCfg = Debug|Win32
		{6B4F525D-5075-4909-B1A7-702B2D606F39}.Debug|x86.Build.0 = Debug|Win32
		{6B4F525D-5075-4909-B1A7-702B2D606F39}.Release|x64.ActiveCfg = Release|x64
		{6B4F525D-5075-4909-B1A7-702B2D606F39}.Release|x64.Build.0 = Release|x64
		{6B4F525D-5075-4909-B1A7-702B2D606F39}.Release|x86.ActiveCfg = Release|Win32
		{6B4F525D-5075-4909-B1A7-702B2D606F39}.Release|x86.Build.0 = Release|Win32
		{420DB5E5-874D-4424-BD49-673E2A4EF888}.Debug|x64.ActiveCfg = Debug|x64
		{420DB5E5-874D-4424-BD49-673E2A4EF888}.Debug|x64.Build.0 = Debug|x64
		{420DB5E5-874D-4424-BD49-673E2A4EF888}.Debug|x86.ActiveCfg = Debug|Win32
		{420DB5E5-874D-4424-BD49-673E2A4EF888}.Debug|x86.Build.0 = Debug|Win32
		{420DB5E5-874D-4424-BD49-673E2A4EF888}.Release|x64.ActiveCfg = Release|x64
		{420DB5E5-874D-4424-BD49-673E2A4EF888}.Release|x64.Build.0 = Release|x64
		{420DB5E5-874D-4424-BD49-673E2A4EF888}.Release|x86.ActiveCfg = Release|Win32
		{420DB5E5-874D-4424-BD49-673E2A4EF888}.Release|x86.Build.0 = Release|Win32
		{AD3453BC-5091-42CB-A506-60213585A82F}.Debug|x64.ActiveCfg = Debug|x64
		{AD3453BC-5091-42CB-A506-60213585A82F}.Debug|x64.Build.0 = Debug|x64
		{AD3453BC-5091-42CB-A506-60213585A82F}.Debug|x86.ActiveCfg = Debug|Win32
		{AD3453BC-5091-42CB-A506-60213585A82F}.Debug|x86.Build.0 = Debug|Win32
		{AD3453BC-5091-42CB-A506-60213585A82F}.Release|x64.ActiveCfg = Release|x64
		{AD3453BC-5091-42CB-A506-60213585A82F}.Release|x64.Build.0 = Release|x64
		{AD3453BC-5091-42CB-A506-60213585A82F}.Release|x86.ActiveCfg = Release|Win32
		{AD3453BC-5091-42CB-A506-60213585A82F}.Release|x86.Build.0 = Release|Win32
		{E15DF2EA-2A5A-4338-8E7E-B5638E68C61A}.Debug|x64.ActiveCfg = Debug|x64
		{E15DF2EA-2A5A-4338-8E7E-B5638E68C61A}.Debug|x64.Build.0 = Debug|x64
		{E15DF2EA-2A5A-4338-8E7E-B5638E68C61A}.Debug|x86.ActiveCfg = Debug|Win32
		{E15DF2EA-2A5A-4338-8E7E-B5638E68C61A}.Debug|x86.Build.0 = Debug|Win32
		{E15DF2EA-2A5A-4338-8E7E-B5638E68C61A}.Release|x64.ActiveCfg = Release|x64
		{E15DF2EA-2A5A-4338-8E7E-B5638E68C61A}.Release|x64.Build.0 = Release|x64
		{E15DF2EA-2A5A-4338-8E7E-B5638E68C61A}.Release|x86.ActiveCfg = Release|Win32
		{E15DF2EA-2A5A-4338-8E7E-B5638E68C61A}.Release|x86.Build.0 = Release|Win32
		{727272FA-9148-4C47-B941-1A3A9FC637B7}.Debug|x64.ActiveCfg = Debug|x64
		{727272FA-9148-4C47-B941-1A3A9FC637B7}.Debug|x64.Build.0 = Debug|x64
		{727272FA-9148-4C47-B941-1A3A9FC637B7}.Debug|x86.ActiveCfg = Debug|Win32
		{727272FA-9148-4C47-B941-1A3A9FC637B7}.Debug|x86.Build.0 = Debug|Win32
		{727272FA-9148-4C47-B941-1A3A9FC637B7}.Release|x64.ActiveCfg = Release|x64
		{727272FA-9148-4C47-B941-1A3A9FC637B7}.Release|x64.Build.0 = Release|x64
		{727272FA-9148-4C47-B941-1A3A9FC637B7}.Release|x86.ActiveCfg = Release|Win32
		{727272FA-9148-4C47-B941-1A3A9FC637B7}.Release|x86.Build.0 = Release|Win32
		{227ABCB7-DBAF-446A-BEA2-4859F96BA4FB}.Debug|x64.ActiveCfg = Debug|x64
		{227ABCB7-DBAF-446A-BEA2-4859F96BA4FB}.Debug|x64.Build.0 = Debug|x64
		{227ABCB7-DBAF-446A-BEA2-4859F96BA4FB}.Debug|x86.ActiveCfg = Debug|Win32
		{227ABCB7-DBAF-446A-BEA2-4859F96BA4FB}.Debug|x86.Build.0 = Debug|Win32
		{227ABCB7-DBAF-446A-BEA2-4859F96BA4FB}.Release|x64.ActiveCfg = Release|x64
		{227ABCB7-DBAF-446A-BEA2-4859F96BA4FB}.Release|x64.Build.0 = Release|x64
		{227ABCB7-DBAF-446A-BEA2-4859F96BA4FB}.Release|x86.ActiveCfg = Release|Win32
		{227ABCB7-DBAF-446A-BEA2-4859F96BA4FB}.Release|x86.Build.0 = Release|Win32
		{EA03BEAA-69B3-4BB9-A825-1ABADE992A6C}.Debug|x64.ActiveCfg = Debug|x64
		{EA03BEAA-69B3-4BB9-A825-1ABADE992A6C}.Debug|x64.Build.0 = Debug|x64
		{EA03BEAA-69B3-4BB9-A825-1ABADE992A6C}.Debug|x86.ActiveCfg = Debug|Win32
		{EA03BEAA-69B3-4BB9-A825-1ABADE992A6C}.Debug|x86.Build.0 = Debug|Win32
		{EA03BEAA-69B3-4BB9-A825-1ABADE992A6C}.Release|x64.ActiveCfg = Release|x64
		{EA03BEAA-69B3-4BB9-A825-1ABADE992A6C}.Release|x64.Build.0 = Release|x64
		{EA03BEAA-69B3-4BB9-A825-1ABADE992A6C}.Release|x86.ActiveCfg = Release|Win32
		{EA03BEAA-69B3-4BB9-A825-1ABADE992A6C}.Release|x86.Build.0 = Release|Win32
		{461CEA23-9FB1-45D2-8045-7ADA6359B1B0}.Debug|x64.ActiveCfg = Debug|x64
		{461CEA23-9FB1-45D2-8045-7ADA6359B1B0}.Debug|x64.Build.0 = Debug|x64
		{461CEA23-9FB1-45D2-8045-7ADA6359B1B0}.Debug|x86.ActiveCfg = Debug|Win32
		{461CEA23-9FB1-45D2-8045-7ADA6359B1B0}.Debug|x86.Build.0 = Debug|Win32
		{461CEA23-9FB1-45D2-8045-7ADA6359B1B0}.Release|x64.ActiveCfg = Release|x64
		{461CEA23-9FB1-45D2-8045-7ADA6359B1B0}.Release|x64.Build.0 = Release|x64
		{461CEA23-9FB1-45D2-8045-7ADA6359B1B0}.Release|x86.ActiveCfg = Release|Win32
		{461CEA23-9FB1-45D2-8045-7ADA6359B1B0}.Release|x86.Build.0 = Release|Win32
		{BAFF39CC-54F7-4D4F-A2DD-59CFFA7981E4}.Debug|x64.ActiveCfg = Debug|x64
		{BAFF39CC-54F7-4D4F-A2DD-59CFFA7981E4}.Debug|x64.Build.0 = Debug|x64
		{BAFF39CC-54F7-4D4F-A2DD-59CFFA7981E4}.Debug|x86.ActiveCfg = Debug|Win32
		{BAFF39CC-54F7-4D4F-A2DD-59CFFA7981E4}.Debug|x86.Build.0 = Debug|Win32
		{BAFF39CC-54F7-4D4F-A2DD-59CFFA7981E4}.Release|x64.ActiveCfg = Release|x64
		{BAFF39CC-54F7-4D4F-A2DD-59CFFA7981E4}.Release|x64.Build.0 = Release|x64
		{BAFF39CC-54F7-4D4F-A2DD-59CFFA7981E4}.Release|x86.ActiveCfg = Release|Win32
		{BAFF39CC-54F7-4D4F-A2DD-59CFFA7981E4}.Release|x86.Build.0 = Release|Win32
		{CA015CAC-0605-4FD5-B974-2181BB324910}.Debug|x64.ActiveCfg = Debug|x64
		{CA015CAC-0605-4FD5-B974-2181BB324910}.Debug|x64.Build.0 = Debug|x64
		{CA015CAC-0605-4FD5-B974-2181BB324910}.Debug|x86.ActiveCfg = Debug|Win32
		{CA015CAC-0605-4FD5-B974-2181BB324910}.Debug|x86.Build.0 = Debug|Win32
		{CA015CAC-0605-4FD5-B974-2181BB324910}.Release|x64.ActiveCfg = Release|x64
		{CA015CAC-0605-4FD5-B974-2181BB324910}.Release|x64.Build.0 = Release|x64
		{CA015CAC-0605-4FD5-B974-2181BB324910}.Release|x86.ActiveCfg = Release|Win32
		{CA015CAC-0605-4FD5-B974-2181BB324910}.Release|x86.Build.0 = Release|Win32
		{C66B2539-2C8E-488C-9A04-BBA682262F2B}.Debug|x64.ActiveCfg = Debug|x64
		{C66B2539-2C8E-488C-9A04-BBA682262F2B}.Debug|x64.Build.0 = Debug|x64
		{C66B2539-2C8E-488C-9A04-BBA682262F2B}.Debug|x86.ActiveCfg = Debug|Win32
		{C66B2539-2C8E-488C-9A04-BBA682262F2B}.Debug|x86.Build.0 = Debug|Win32
		{C66B2539-2C8E-488C-9A04-BBA682262F2B}.Release|x64.ActiveCfg = Release|x64
		{C66B2539-2C8E-488C-9A04-BBA682262F2B}.Release|x64.Build.0 = Release|x64
		{C66B2539-2C8E-488C-9A04-BBA682262F2B}.Release|x86.ActiveCfg = Release|Win32
		{C66B2539-2C8E-488C-9A04-BBA682262F2B}.Release|x86.Build.0 = Release|Win32
		{9645E391-CB69-479C-90D3-2BF56883F008}.Debug|x64.ActiveCfg = Debug|x64
		{9645E391-CB69-479C-90D3-2BF56883F008}.Debug|x64.Build.0 = Debug|x64
		{9645E391-CB69-479C-90D3-2BF56883F008}.Debug|x86.ActiveCfg = Debug|Win32
		{9645E391-CB69-479C-90D3-2BF56883F008}.Debug|x86.Build.0 = Debug|Win32
		{9645E391-CB69-479C-90D3-2BF56883F008}.Release|x64.ActiveCfg = Release|x64
		{9645E391-CB69-479C-90D3-2BF56883F008}.Release|x64.Build.0 = Release|x64
		{9645E391-CB69-479C-90D3-2BF56883F008}.Release|x86.ActiveCfg = Release|Win32
		{9645E391-CB69-479C-90D3-2BF56883F008}.Release|x86.Build.0 = Release|Win32
		{59CD79DA-8D10-4247-8394-DF2286782295}.Debug|x64.ActiveCfg = Debug|x64
		{59CD79DA-8D10-4247-8394-DF2286782295}.Debug|x64.Build.0 = Debug|x64
		{59CD79DA-8D10-4247-8394-DF2286782295}.Debug|x86.ActiveCfg = Debug|Win32
		{59CD79DA-8D10-4247-8394-DF2286782295}.Debug|x86.Build.0 = Debug|Win32
		{59CD79DA-8D10-4247-8394-DF2286782295}.Release|x64.ActiveCfg = Release|x64
		{59CD79DA-8D10-4247-8394-DF2286782295}.Release|x64.Build.0 = Release|x64
		{59CD79DA-8D10-4247-8394-DF2286782295}.Release|x86.ActiveCfg = Release|Win32
		{59CD79DA-8D10-4247-8394-DF2286782295}.Release|x86.Build.0 = Release|Win32
		{498BEB17-6A6A-4922-A503-875D34F08A61}.Debug|x64.ActiveCfg = Debug|x64
		{498BEB17-6A6A-4922-A503-875D34F08A61}.Debug|x64.Build.0 = Debug|x64
		{498BEB17-6A6A-4922-A503-875D34F08A61}.Debug|x86.ActiveCfg = Debug|Win32
		{498BEB17-6A6A-4922-A503-875D34F08A61}.Debug|x86.Build.0 = Debug|Win32
		{498BEB17-6A6A-4922-A503-875D34F08A61}.Release|x64.ActiveCfg = Release|x64
		{498BEB17-6A6A-4922-A503-875D34F08A61}.Release|x64.Build.0 = Release|x64
		{498BEB17-6A6A-4922-A503-875D34F08A61}.Release|x86.ActiveCfg = Release|Win32
		{498BEB17-6A6A-4922-A503-875D34F08A61}.Release|x86.Build.0 = Release|Win32
		{6CBEF9D1-8C16-484B-9AEC-3C641DBB462C}.Debug|x64.ActiveCfg = Debug|x64
		{6CBEF9D1-8C16-484B-9AEC-3C641DBB462C}.Debug|x64.Build.0 = Debug|x64
		{6CBEF9D1-8C16-484B-9AEC-3C641DBB462C}.Debug|x86.ActiveCfg = Debug|Win32
		{6CBEF9D1-8C16-484B-9AEC-3C641DBB462C}.Debug|x86.Build.0 = Debug|Win32
		{6CBEF9D1-8C16-484B-9AEC-3C641DBB462C}.Release|x64.ActiveCfg = Release|x64
		{6CBEF9D1-8C16-484B-9AEC-3C641DBB462C}.Release|x64.Build.0 = Release|x64
		{6CBEF9D1-8C16-484B-9AEC-3C641DBB462C}.Release|x86.ActiveCfg = Release|Win32
		{6CBEF9D1-8C16-484B-9AEC-3C641DBB462C}.Release|x86.Build.0 = Release|Win32
		{9C6A4CCB-FF67-45A5-A91A-DEADC4B1F938}.Debug|x64.ActiveCfg = Debug|x64
		{9C6A4CCB-FF67-45A5-A91A-DEADC4B1F938}.Debug|x64.Build.0 = Debug|x64
		{9C6A4CCB-FF67-45A5-A91A-DEADC4B1F938}.Debug|x86.ActiveCfg = Debug|Win32
		{9C6A4CCB-FF67-45A5-A91A-DEADC4B1F938}.Debug|x86.Build.0 = Debug|Win32
		{9C6A4CCB-FF67-45A5-A91A-DEADC4B1F938}.Release|x64.ActiveCfg = Release|x64
		{9C6A4CCB-FF67-45A5-A91A-DEADC4B1F938}.Release|x64.Build.0 = Release|x64
		{9C6A4CCB-FF67-45A5-A91A-DEADC4B1F938}.Release|x86.ActiveCfg = Release|Win32
		{9C6A4CCB-FF67-45A5-A91A-DEADC4B1F938}.Release|x86.Build.0 = Release|Win32
		{9AC550C4-AAA9-4B73-98F4-11A021C6613A}.Debug|x64.ActiveCfg = Debug|x64
		{9AC550C4-AAA9-4B73-98F4-11A021C6613A}.Debug|x64.Build.0 = Debug|x64
		{9AC550C4-AAA9-4B73-98F4-11A021C6613A}.Debug|x86.ActiveCfg = Debug|Win32
		{9AC550C4-AAA9-4B73-98F4-11A021C6613A}.Debug|x86.Build.0 = Debug|Win32
		{9AC550C4-AAA9-4B73-98F4-11A021C6613A}.Release|x64.ActiveCfg = Release|x64
		{9AC550C4-AAA9-4B73-98F4-11A021C6613A}.Release|x64.Build.0 = Release|x64
		{9AC550C4-AAA9-4B73-98F4-11A021C6613A}.Release|x86.ActiveCfg = Release|Win32
		{9AC550C4-AAA9-4B73-98F4-11A021C6613A}.Release|x86.Build.0 = Release|Win32
		{238E67B4-4C1A-4FC1-B795-A7B9ADDF9B7A}.Debug|x64.ActiveCfg = Debug|x64
		{238E67B4-4C1A-4FC1-B795-A7B9ADDF9B7A}.Debug|x64.Build.0 = Debug|x64
		{238E67B4-4C1A-4FC1-B795-A7B9ADDF9B7A}.Debug|x86.ActiveCfg = Debug|Win32
		{238E67B4-4C1A-4FC1-B795-A7B9ADDF9B7A}.Debug|x86.Build.0 = Debug|Win32
		{238E67B4-4C1A-4FC1-B795-A7B9ADDF9B7A}.Release|x64.ActiveCfg = Release|x64
		{238E67B4-4C1A-4FC1-B795-A7B9ADDF9B7A}.Release|x64.Build.0 = Release|x64
		{238E67B4-4C1A-4FC1-B795-A7B9ADDF9B7A}.Release|x86.ActiveCfg = Release|Win32
		{238E67B4-4C1A-4FC1-B795-A7B9ADDF9B7A}.Release|x86.Build.0 = Release|Win32
		{915BA667-CDD2-4890-9067-08C9D47193C2}.Debug|x64.ActiveCfg = Debug|x64
		{915BA667-CDD2-4890-9067-08C9D47193C2}.Debug|x64.Build.0 = Debug|x64
		{915BA667-CDD2-4890-9067-08C9D47193C2}.Debug|x86.ActiveCfg = Debug|Win32
		{915BA667-CDD2-4890-9067-08C9D47193C2}.Debug|x86.Build.0 = Debug|Win32
		{915BA667-CDD2-4890-9067-08C9D47193C2}.Release|x64.ActiveCfg = Release|x64
		{915BA667-CDD2-4890-9067-08C9D47193C2}.Release|x64.Build.0 = Release|x64
		{915BA667-CDD2-4890-9067-08C9D47193C2}.Release|x86.ActiveCfg = Release|Win32
		{915BA667-CDD2-4890-9067-08C9D47193C2}.Release|x86.Build.0 = Release|Win32
		{C231B385-D4FD-4195-9AAD-63FC37D8DA85}.Debug|x64.ActiveCfg = Debug|x64
		{C231B385-D4FD-4195-9AAD-63FC37D8DA85}.Debug|x64.Build.0 = Debug|x64
		{C231B385-D4FD-4195-9AAD-63FC37D8DA85}.Debug|x86.ActiveCfg = Debug|Win32
		{C231B385-D4FD-4195-9AAD-63FC37D8DA85}.Debug|x86.Build.0 = Debug|Win32
		{C231B385-D4FD-4195-9AAD-63FC37D8DA85}.Release|x64.ActiveCfg = Release|x64
		{C231B385-D4FD-4195-9AAD-63FC37D8DA85}.Release|x64.Build.0 = Release|x64
		{C231B385-D4FD-4195-9AAD-63FC37D8DA85}.Release|x86.ActiveCfg = Release|Win32
		{C231B385-D4FD-4195-9AAD-63FC37D8DA85}.Release|x86.Build.0 = Release|Win32
		{26FA3F15-1914-408D-8B4A-888ABF7B8F1D}.Debug|x64.ActiveCfg = Debug|x64
		{26FA3F15-1914-408D-8B4A-888ABF7B8F1D}.Debug|x64.Build.0 = Debug|x64
		{26FA3F15-1914-408D-8B4A-888ABF7B8F1D}.Debug|x86.ActiveCfg = Debug|Win32
		{26FA3F15-1914-408D-8B4A-888ABF7B8F1D}.Debug|x86.Build.0 = Debug|Win32
		{26FA3F15-1914-408D-8B4A-888ABF7B8F1D}.Release|x64.ActiveCfg = Release|x64
		{26FA3F15-1914-408D-8B4A-888ABF7B8F1D}.Release|x64.Build.0 = Release|x64
		{26FA3F15-1914-408D-8B4A-888ABF7B8F1D}.Release|x86.ActiveCfg = Release|Win32
		{26FA3F15-1914-408D-8B4A-888ABF7B8F1D}.Release|x86.Build.0 = Release|Win32
		{2DE0019C-BCF8-48B0-9E0E-4ED71A28DF3B}.Debug|x64.ActiveCfg = Debug|x64
		{2DE0019C-BCF8-48B0-9E0E-4ED71A28DF3B}.Debug|x64.Build.0 = Debug|x64
		{2DE0019C-BCF8-48B0-9E0E-4ED71A28DF3B}.Debug|x86.ActiveCfg = Debug|Win32
		{2DE0019C-BCF8-48B0-9E0E-4ED71A28DF3B}.Debug|x86.Build.0 = Debug|Win32
		{2DE0019C-BCF8-48B0-9E0E-4ED71A28DF3B}.Release|x64.ActiveCfg = Release|x64
		{2DE0019C-BCF8-48B0-9E0E-4ED71A28DF3B}.Release|x64.Build.0 = Release|x64
		{2DE0019C-BCF8-48B0-9E0E-4ED71A28DF3B}.Release|x86.ActiveCfg = Release|Win32
		{2DE0019C-BCF8-48B0-9E0E-4ED71A28DF3B}.Release|x86.Build.0 = Release|Win32
		{E9E69130-1FD2-432C-A03E-6AC422117041}.Debug|x64.ActiveCfg = Debug|x64
		{E9E69130-1FD2-432C-A03E-6AC422117041}.Debug|x64.Build.0 = Debug|x64
		{E9E69130-1FD2-432C-A03E-6AC422117041}.Debug|x86.ActiveCfg = Debug|Win32
		{E9E69130-1FD2-432C-A03E-6AC422117041}.Debug|x86.Build.0 = Debug|Win32
		{E9E69130-1FD2-432C-A03E-6AC422117041}.Release|x64.ActiveCfg = Release|x64
		{E9E69130-1FD2-432C-A03E-6AC422117041}.Release|x64.Build.0 = Release|x64
		{E9E69130-1FD2-432C-A03E-6AC422117041}.Release|x86.ActiveCfg = Release|Win32
		{E9E69130-1FD2-432C-A03E-6AC422117041}.Release|x86.Build.0 = Release|Win32
		{A8C3C4D0-D9A2-4F00-9812-711D7351965A}.Debug|x64.ActiveCfg = Debug|x64
		{A8C3C4D0-D9A2-4F00-9812-711D7351965A}.Debug|x64.Build.0 = Debug|x64
		{A8C3C4D0-D9A2-4F00-9812-711D7351965A}.Debug|x86.ActiveCfg = Debug|Win32
		{A8C3C4D0-D9A2-4F00-9812-711D7351965A}.Debug|x86.Build.0 = Debug|Win32
		{A8C3C4D0-D9A2-4F00-9812-711D7351965A}.Release|x64.ActiveCfg = Release|x64
		{A8C3C4D0-D9A2-4F00-9812-711D7351965A}.Release|x64.Build.0 = Release|x64
		{A8C3C4D0-D9A2-4F00-9812-711D7351965A}.Release|x86.ActiveCfg = Release|Win32
		{A8C3C4D0-D9A2-4F00-9812-711D7351965A}.Release|x86.Build.0 = Release|Win32
		{282F2BDB-A4CF-4E7A-AE46-58F561F7874F}.Debug|x64.ActiveCfg = Debug|x64
		{282F2BDB-A4CF-4E7A-AE46-58F561F7874F}.Debug|x64.Build.0 = Debug|x64
		{282F2BDB-A4CF-4E7A-AE46-58F561F7874F}.Debug|x86.ActiveCfg = Debug|Win32
		{282F2BDB-A4CF-4E7A-AE46-58F561F7874F}.Debug|x86.Build.0 = Debug|Win32
		{282F2BDB-A4CF-4E7A-AE46-58F561F7874F}.Release|x64.ActiveCfg = Release|x64
		{282F2BDB-A4CF-4E7A-AE46-58F561F7874F}.Release|x64.Build.0 = Release|x64
		{282F2BDB-A4CF-4E7A-AE46-58F561F7874F}.Release|x86.ActiveCfg = Release|Win32
		{282F2BDB-A4CF-4E7A-AE46-58F561F7874F}.Release|x86.Build.0 = Release|Win32
	EndGlobalSection
	GlobalSection(SolutionProperties) = preSolution
		HideSolutionNode = FALSE
	EndGlobalSection
	GlobalSection(ExtensibilityGlobals) = postSolution
		SolutionGuid = {9AFC199C-59D1-48B8-B568-E334807C6986}
	EndGlobalSection
EndGlobal
